<<<<<<< HEAD
Last acquired by C:\flutter\src\flutter\bin\cache\dart-sdk\bin\dart.exe (pid 28164) running file:///C:/flutter/src/flutter/bin/cache/flutter_tools.snapshot on 2026-05-17 11:53:28.939263.
=======
Last acquired by /Users/twsty/development/flutter/bin/cache/dart-sdk/bin/dart (pid 59900) running file:///Users/twsty/development/flutter/bin/cache/flutter_tools.snapshot on 2026-05-14 15:49:28.393779.
>>>>>>> af653d27afb786003f463505a103aeacaa86d114
